
Microsoft Visual Studio Solution File, Format Version 12.00
# Visual Studio 15
VisualStudioVersion = 15.0.27703.2026
MinimumVisualStudioVersion = 10.0.40219.1
Project("{FAE04EC0-301F-11D3-BF4B-00C04F79EFBC}") = "WordbrainPwnr.ImageProcessing.Core", "WordbrainPwnr.ImageProcessing.Core\WordbrainPwnr.ImageProcessing.Core.csproj", "{6618E0A8-157E-4AE0-A53C-405A1ADEED94}"
EndProject
Project("{FAE04EC0-301F-11D3-BF4B-00C04F79EFBC}") = "WordBrain.ImageProcessing", "WordBrain.ImageProcessing\WordBrain.ImageProcessing.csproj", "{143214E1-AFC3-4EF0-85BB-B675E54BA03D}"
EndProject
Project("{FAE04EC0-301F-11D3-BF4B-00C04F79EFBC}") = "WordBrainPwnr.ProofOfConcept", "WordBrainPwnr.ConsoleTests\WordBrainPwnr.ProofOfConcept.csproj", "{0B9BDDA2-D9B9-4192-A811-111157871A3D}"
EndProject
Project("{2150E333-8FDC-42A3-9474-1A3956D46DE8}") = "_Resources", "_Resources", "{98F652F5-19F7-4623-8791-C4FDB35557D5}"
EndProject
Project("{2150E333-8FDC-42A3-9474-1A3956D46DE8}") = "Tesseract Training Data", "Tesseract Training Data", "{5ECC7CC3-C058-4882-930F-1E8BEFA9FF95}"
	ProjectSection(SolutionItems) = preProject
		Resources\TesseractTrainingData\eng-wordbrain.traineddata = Resources\TesseractTrainingData\eng-wordbrain.traineddata
	EndProjectSection
EndProject
Project("{FAE04EC0-301F-11D3-BF4B-00C04F79EFBC}") = "WordBrainPwnr.DataStructures.Core", "WordBrainPwnr.DataStructures.Core\WordBrainPwnr.DataStructures.Core.csproj", "{C71F1D70-901F-4FCA-81AA-28AA86063531}"
EndProject
Project("{FAE04EC0-301F-11D3-BF4B-00C04F79EFBC}") = "WordBrainPwnr.DataStructures", "WordBrainPwnr.DataStructures\WordBrainPwnr.DataStructures.csproj", "{5BB65B99-6BBF-4575-A9CD-7C70D3531A05}"
EndProject
Project("{2150E333-8FDC-42A3-9474-1A3956D46DE8}") = "English Words", "English Words", "{8C016351-5D66-4C84-A1FD-5C7443C7A5D6}"
	ProjectSection(SolutionItems) = preProject
		Resources\EnglishWords\words_alpha.txt = Resources\EnglishWords\words_alpha.txt
	EndProjectSection
EndProject
Global
	GlobalSection(SolutionConfigurationPlatforms) = preSolution
		Debug|Any CPU = Debug|Any CPU
		Release|Any CPU = Release|Any CPU
	EndGlobalSection
	GlobalSection(ProjectConfigurationPlatforms) = postSolution
		{6618E0A8-157E-4AE0-A53C-405A1ADEED94}.Debug|Any CPU.ActiveCfg = Debug|Any CPU
		{6618E0A8-157E-4AE0-A53C-405A1ADEED94}.Debug|Any CPU.Build.0 = Debug|Any CPU
		{6618E0A8-157E-4AE0-A53C-405A1ADEED94}.Release|Any CPU.ActiveCfg = Release|Any CPU
		{6618E0A8-157E-4AE0-A53C-405A1ADEED94}.Release|Any CPU.Build.0 = Release|Any CPU
		{143214E1-AFC3-4EF0-85BB-B675E54BA03D}.Debug|Any CPU.ActiveCfg = Debug|Any CPU
		{143214E1-AFC3-4EF0-85BB-B675E54BA03D}.Debug|Any CPU.Build.0 = Debug|Any CPU
		{143214E1-AFC3-4EF0-85BB-B675E54BA03D}.Release|Any CPU.ActiveCfg = Release|Any CPU
		{143214E1-AFC3-4EF0-85BB-B675E54BA03D}.Release|Any CPU.Build.0 = Release|Any CPU
		{0B9BDDA2-D9B9-4192-A811-111157871A3D}.Debug|Any CPU.ActiveCfg = Debug|Any CPU
		{0B9BDDA2-D9B9-4192-A811-111157871A3D}.Debug|Any CPU.Build.0 = Debug|Any CPU
		{0B9BDDA2-D9B9-4192-A811-111157871A3D}.Release|Any CPU.ActiveCfg = Release|Any CPU
		{0B9BDDA2-D9B9-4192-A811-111157871A3D}.Release|Any CPU.Build.0 = Release|Any CPU
		{C71F1D70-901F-4FCA-81AA-28AA86063531}.Debug|Any CPU.ActiveCfg = Debug|Any CPU
		{C71F1D70-901F-4FCA-81AA-28AA86063531}.Debug|Any CPU.Build.0 = Debug|Any CPU
		{C71F1D70-901F-4FCA-81AA-28AA86063531}.Release|Any CPU.ActiveCfg = Release|Any CPU
		{C71F1D70-901F-4FCA-81AA-28AA86063531}.Release|Any CPU.Build.0 = Release|Any CPU
		{5BB65B99-6BBF-4575-A9CD-7C70D3531A05}.Debug|Any CPU.ActiveCfg = Debug|Any CPU
		{5BB65B99-6BBF-4575-A9CD-7C70D3531A05}.Debug|Any CPU.Build.0 = Debug|Any CPU
		{5BB65B99-6BBF-4575-A9CD-7C70D3531A05}.Release|Any CPU.ActiveCfg = Release|Any CPU
		{5BB65B99-6BBF-4575-A9CD-7C70D3531A05}.Release|Any CPU.Build.0 = Release|Any CPU
	EndGlobalSection
	GlobalSection(SolutionProperties) = preSolution
		HideSolutionNode = FALSE
	EndGlobalSection
	GlobalSection(NestedProjects) = preSolution
		{5ECC7CC3-C058-4882-930F-1E8BEFA9FF95} = {98F652F5-19F7-4623-8791-C4FDB35557D5}
		{8C016351-5D66-4C84-A1FD-5C7443C7A5D6} = {98F652F5-19F7-4623-8791-C4FDB35557D5}
	EndGlobalSection
	GlobalSection(ExtensibilityGlobals) = postSolution
		SolutionGuid = {A5CA24AD-98D5-4954-8D70-07305D1D67A7}
	EndGlobalSection
EndGlobal
